
Microsoft Visual Studio Solution File, Format Version 12.00
# Visual Studio Version 17
VisualStudioVersion = 17.1.32414.318
MinimumVisualStudioVersion = 10.0.40219.1
Project("{FAE04EC0-301F-11D3-BF4B-00C04F79EFBC}") = "ColorPicker.Android", "ColorPicker\ColorPicker.Android\ColorPicker.Android.csproj", "{976A47F5-534F-4315-B202-3BA5C3BC85E8}"
EndProject
Project("{FAE04EC0-301F-11D3-BF4B-00C04F79EFBC}") = "ColorPicker.iOS", "ColorPicker\ColorPicker.iOS\ColorPicker.iOS.csproj", "{FAAA8C63-298F-4945-BA04-4218B227829A}"
EndProject
Project("{9A19103F-16F7-4668-BE54-9A1E7A4F7556}") = "ColorPicker", "ColorPicker\ColorPicker\ColorPicker.csproj", "{982E88B7-D87F-48AB-AE87-1967D8C0948F}"
EndProject
Project("{FAE04EC0-301F-11D3-BF4B-00C04F79EFBC}") = "ColorPicker.UWP", "ColorPicker\ColorPicker.UWP\ColorPicker.UWP.csproj", "{A4DBC6AD-6F34-44DD-881A-F8AA62745A1A}"
EndProject
Global
	GlobalSection(SolutionConfigurationPlatforms) = preSolution
		Debug|Any CPU = Debug|Any CPU
		Debug|ARM = Debug|ARM
		Debug|ARM64 = Debug|ARM64
		Debug|iPhone = Debug|iPhone
		Debug|iPhoneSimulator = Debug|iPhoneSimulator
		Debug|x64 = Debug|x64
		Debug|x86 = Debug|x86
		Release|Any CPU = Release|Any CPU
		Release|ARM = Release|ARM
		Release|ARM64 = Release|ARM64
		Release|iPhone = Release|iPhone
		Release|iPhoneSimulator = Release|iPhoneSimulator
		Release|x64 = Release|x64
		Release|x86 = Release|x86
	EndGlobalSection
	GlobalSection(ProjectConfigurationPlatforms) = postSolution
		{976A47F5-534F-4315-B202-3BA5C3BC85E8}.Debug|Any CPU.ActiveCfg = Debug|Any CPU
		{976A47F5-534F-4315-B202-3BA5C3BC85E8}.Debug|Any CPU.Build.0 = Debug|Any CPU
		{976A47F5-534F-4315-B202-3BA5C3BC85E8}.Debug|Any CPU.Deploy.0 = Debug|Any CPU
		{976A47F5-534F-4315-B202-3BA5C3BC85E8}.Debug|ARM.ActiveCfg = Debug|Any CPU
		{976A47F5-534F-4315-B202-3BA5C3BC85E8}.Debug|ARM.Build.0 = Debug|Any CPU
		{976A47F5-534F-4315-B202-3BA5C3BC85E8}.Debug|ARM.Deploy.0 = Debug|Any CPU
		{976A47F5-534F-4315-B202-3BA5C3BC85E8}.Debug|ARM64.ActiveCfg = Debug|Any CPU
		{976A47F5-534F-4315-B202-3BA5C3BC85E8}.Debug|ARM64.Build.0 = Debug|Any CPU
		{976A47F5-534F-4315-B202-3BA5C3BC85E8}.Debug|ARM64.Deploy.0 = Debug|Any CPU
		{976A47F5-534F-4315-B202-3BA5C3BC85E8}.Debug|iPhone.ActiveCfg = Debug|Any CPU
		{976A47F5-534F-4315-B202-3BA5C3BC85E8}.Debug|iPhone.Build.0 = Debug|Any CPU
		{976A47F5-534F-4315-B202-3BA5C3BC85E8}.Debug|iPhone.Deploy.0 = Debug|Any CPU
		{976A47F5-534F-4315-B202-3BA5C3BC85E8}.Debug|iPhoneSimulator.ActiveCfg = Debug|Any CPU
		{976A47F5-534F-4315-B202-3BA5C3BC85E8}.Debug|iPhoneSimulator.Build.0 = Debug|Any CPU
		{976A47F5-534F-4315-B202-3BA5C3BC85E8}.Debug|iPhoneSimulator.Deploy.0 = Debug|Any CPU
		{976A47F5-534F-4315-B202-3BA5C3BC85E8}.Debug|x64.ActiveCfg = Debug|Any CPU
		{976A47F5-534F-4315-B202-3BA5C3BC85E8}.Debug|x64.Build.0 = Debug|Any CPU
		{976A47F5-534F-4315-B202-3BA5C3BC85E8}.Debug|x64.Deploy.0 = Debug|Any CPU
		{976A47F5-534F-4315-B202-3BA5C3BC85E8}.Debug|x86.ActiveCfg = Debug|Any CPU
		{976A47F5-534F-4315-B202-3BA5C3BC85E8}.Debug|x86.Build.0 = Debug|Any CPU
		{976A47F5-534F-4315-B202-3BA5C3BC85E8}.Debug|x86.Deploy.0 = Debug|Any CPU
		{976A47F5-534F-4315-B202-3BA5C3BC85E8}.Release|Any CPU.ActiveCfg = Release|Any CPU
		{976A47F5-534F-4315-B202-3BA5C3BC85E8}.Release|Any CPU.Build.0 = Release|Any CPU
		{976A47F5-534F-4315-B202-3BA5C3BC85E8}.Release|Any CPU.Deploy.0 = Release|Any CPU
		{976A47F5-534F-4315-B202-3BA5C3BC85E8}.Release|ARM.ActiveCfg = Release|Any CPU
		{976A47F5-534F-4315-B202-3BA5C3BC85E8}.Release|ARM.Build.0 = Release|Any CPU
		{976A47F5-534F-4315-B202-3BA5C3BC85E8}.Release|ARM.Deploy.0 = Release|Any CPU
		{976A47F5-534F-4315-B202-3BA5C3BC85E8}.Release|ARM64.ActiveCfg = Release|Any CPU
		{976A47F5-534F-4315-B202-3BA5C3BC85E8}.Release|ARM64.Build.0 = Release|Any CPU
		{976A47F5-534F-4315-B202-3BA5C3BC85E8}.Release|ARM64.Deploy.0 = Release|Any CPU
		{976A47F5-534F-4315-B202-3BA5C3BC85E8}.Release|iPhone.ActiveCfg = Release|Any CPU
		{976A47F5-534F-4315-B202-3BA5C3BC85E8}.Release|iPhone.Build.0 = Release|Any CPU
		{976A47F5-534F-4315-B202-3BA5C3BC85E8}.Release|iPhone.Deploy.0 = Release|Any CPU
		{976A47F5-534F-4315-B202-3BA5C3BC85E8}.Release|iPhoneSimulator.ActiveCfg = Release|Any CPU
		{976A47F5-534F-4315-B202-3BA5C3BC85E8}.Release|iPhoneSimulator.Build.0 = Release|Any CPU
		{976A47F5-534F-4315-B202-3BA5C3BC85E8}.Release|iPhoneSimulator.Deploy.0 = Release|Any CPU
		{976A47F5-534F-4315-B202-3BA5C3BC85E8}.Release|x64.ActiveCfg = Release|Any CPU
		{976A47F5-534F-4315-B202-3BA5C3BC85E8}.Release|x64.Build.0 = Release|Any CPU
		{976A47F5-534F-4315-B202-3BA5C3BC85E8}.Release|x64.Deploy.0 = Release|Any CPU
		{976A47F5-534F-4315-B202-3BA5C3BC85E8}.Release|x86.ActiveCfg = Release|Any CPU
		{976A47F5-534F-4315-B202-3BA5C3BC85E8}.Release|x86.Build.0 = Release|Any CPU
		{976A47F5-534F-4315-B202-3BA5C3BC85E8}.Release|x86.Deploy.0 = Release|Any CPU
		{FAAA8C63-298F-4945-BA04-4218B227829A}.Debug|Any CPU.ActiveCfg = Debug|iPhoneSimulator
		{FAAA8C63-298F-4945-BA04-4218B227829A}.Debug|Any CPU.Build.0 = Debug|iPhoneSimulator
		{FAAA8C63-298F-4945-BA04-4218B227829A}.Debug|Any CPU.Deploy.0 = Debug|iPhoneSimulator
		{FAAA8C63-298F-4945-BA04-4218B227829A}.Debug|ARM.ActiveCfg = Debug|iPhoneSimulator
		{FAAA8C63-298F-4945-BA04-4218B227829A}.Debug|ARM.Build.0 = Debug|iPhoneSimulator
		{FAAA8C63-298F-4945-BA04-4218B227829A}.Debug|ARM64.ActiveCfg = Debug|iPhoneSimulator
		{FAAA8C63-298F-4945-BA04-4218B227829A}.Debug|ARM64.Build.0 = Debug|iPhoneSimulator
		{FAAA8C63-298F-4945-BA04-4218B227829A}.Debug|iPhone.ActiveCfg = Debug|iPhone
		{FAAA8C63-298F-4945-BA04-4218B227829A}.Debug|iPhone.Build.0 = Debug|iPhone
		{FAAA8C63-298F-4945-BA04-4218B227829A}.Debug|iPhone.Deploy.0 = Debug|iPhone
		{FAAA8C63-298F-4945-BA04-4218B227829A}.Debug|iPhoneSimulator.ActiveCfg = Debug|iPhoneSimulator
		{FAAA8C63-298F-4945-BA04-4218B227829A}.Debug|iPhoneSimulator.Build.0 = Debug|iPhoneSimulator
		{FAAA8C63-298F-4945-BA04-4218B227829A}.Debug|iPhoneSimulator.Deploy.0 = Debug|iPhoneSimulator
		{FAAA8C63-298F-4945-BA04-4218B227829A}.Debug|x64.ActiveCfg = Debug|iPhoneSimulator
		{FAAA8C63-298F-4945-BA04-4218B227829A}.Debug|x64.Build.0 = Debug|iPhoneSimulator
		{FAAA8C63-298F-4945-BA04-4218B227829A}.Debug|x86.ActiveCfg = Debug|iPhoneSimulator
		{FAAA8C63-298F-4945-BA04-4218B227829A}.Debug|x86.Build.0 = Debug|iPhoneSimulator
		{FAAA8C63-298F-4945-BA04-4218B227829A}.Release|Any CPU.ActiveCfg = Release|iPhoneSimulator
		{FAAA8C63-298F-4945-BA04-4218B227829A}.Release|Any CPU.Build.0 = Release|iPhoneSimulator
		{FAAA8C63-298F-4945-BA04-4218B227829A}.Release|Any CPU.Deploy.0 = Release|iPhoneSimulator
		{FAAA8C63-298F-4945-BA04-4218B227829A}.Release|ARM.ActiveCfg = Release|iPhone
		{FAAA8C63-298F-4945-BA04-4218B227829A}.Release|ARM.Build.0 = Release|iPhone
		{FAAA8C63-298F-4945-BA04-4218B227829A}.Release|ARM64.ActiveCfg = Release|iPhone
		{FAAA8C63-298F-4945-BA04-4218B227829A}.Release|ARM64.Build.0 = Release|iPhone
		{FAAA8C63-298F-4945-BA04-4218B227829A}.Release|iPhone.ActiveCfg = Release|iPhone
		{FAAA8C63-298F-4945-BA04-4218B227829A}.Release|iPhone.Build.0 = Release|iPhone
		{FAAA8C63-298F-4945-BA04-4218B227829A}.Release|iPhone.Deploy.0 = Release|iPhone
		{FAAA8C63-298F-4945-BA04-4218B227829A}.Release|iPhoneSimulator.ActiveCfg = Release|iPhoneSimulator
		{FAAA8C63-298F-4945-BA04-4218B227829A}.Release|iPhoneSimulator.Build.0 = Release|iPhoneSimulator
		{FAAA8C63-298F-4945-BA04-4218B227829A}.Release|iPhoneSimulator.Deploy.0 = Release|iPhoneSimulator
		{FAAA8C63-298F-4945-BA04-4218B227829A}.Release|x64.ActiveCfg = Release|iPhone
		{FAAA8C63-298F-4945-BA04-4218B227829A}.Release|x64.Build.0 = Release|iPhone
		{FAAA8C63-298F-4945-BA04-4218B227829A}.Release|x86.ActiveCfg = Release|iPhone
		{FAAA8C63-298F-4945-BA04-4218B227829A}.Release|x86.Build.0 = Release|iPhone
		{982E88B7-D87F-48AB-AE87-1967D8C0948F}.Debug|Any CPU.ActiveCfg = Debug|Any CPU
		{982E88B7-D87F-48AB-AE87-1967D8C0948F}.Debug|Any CPU.Build.0 = Debug|Any CPU
		{982E88B7-D87F-48AB-AE87-1967D8C0948F}.Debug|Any CPU.Deploy.0 = Debug|Any CPU
		{982E88B7-D87F-48AB-AE87-1967D8C0948F}.Debug|ARM.ActiveCfg = Debug|Any CPU
		{982E88B7-D87F-48AB-AE87-1967D8C0948F}.Debug|ARM.Build.0 = Debug|Any CPU
		{982E88B7-D87F-48AB-AE87-1967D8C0948F}.Debug|ARM64.ActiveCfg = Debug|Any CPU
		{982E88B7-D87F-48AB-AE87-1967D8C0948F}.Debug|ARM64.Build.0 = Debug|Any CPU
		{982E88B7-D87F-48AB-AE87-1967D8C0948F}.Debug|iPhone.ActiveCfg = Debug|Any CPU
		{982E88B7-D87F-48AB-AE87-1967D8C0948F}.Debug|iPhone.Build.0 = Debug|Any CPU
		{982E88B7-D87F-48AB-AE87-1967D8C0948F}.Debug|iPhone.Deploy.0 = Debug|Any CPU
		{982E88B7-D87F-48AB-AE87-1967D8C0948F}.Debug|iPhoneSimulator.ActiveCfg = Debug|Any CPU
		{982E88B7-D87F-48AB-AE87-1967D8C0948F}.Debug|iPhoneSimulator.Build.0 = Debug|Any CPU
		{982E88B7-D87F-48AB-AE87-1967D8C0948F}.Debug|iPhoneSimulator.Deploy.0 = Debug|Any CPU
		{982E88B7-D87F-48AB-AE87-1967D8C0948F}.Debug|x64.ActiveCfg = Debug|Any CPU
		{982E88B7-D87F-48AB-AE87-1967D8C0948F}.Debug|x64.Build.0 = Debug|Any CPU
		{982E88B7-D87F-48AB-AE87-1967D8C0948F}.Debug|x86.ActiveCfg = Debug|Any CPU
		{982E88B7-D87F-48AB-AE87-1967D8C0948F}.Debug|x86.Build.0 = Debug|Any CPU
		{982E88B7-D87F-48AB-AE87-1967D8C0948F}.Release|Any CPU.ActiveCfg = Release|Any CPU
		{982E88B7-D87F-48AB-AE87-1967D8C0948F}.Release|Any CPU.Build.0 = Release|Any CPU
		{982E88B7-D87F-48AB-AE87-1967D8C0948F}.Release|Any CPU.Deploy.0 = Release|Any CPU
		{982E88B7-D87F-48AB-AE87-1967D8C0948F}.Release|ARM.ActiveCfg = Release|Any CPU
		{982E88B7-D87F-48AB-AE87-1967D8C0948F}.Release|ARM.Build.0 = Release|Any CPU
		{982E88B7-D87F-48AB-AE87-1967D8C0948F}.Release|ARM64.ActiveCfg = Release|Any CPU
		{982E88B7-D87F-48AB-AE87-1967D8C0948F}.Release|ARM64.Build.0 = Release|Any CPU
		{982E88B7-D87F-48AB-AE87-1967D8C0948F}.Release|iPhone.ActiveCfg = Release|Any CPU
		{982E88B7-D87F-48AB-AE87-1967D8C0948F}.Release|iPhone.Build.0 = Release|Any CPU
		{982E88B7-D87F-48AB-AE87-1967D8C0948F}.Release|iPhone.Deploy.0 = Release|Any CPU
		{982E88B7-D87F-48AB-AE87-1967D8C0948F}.Release|iPhoneSimulator.ActiveCfg = Release|Any CPU
		{982E88B7-D87F-48AB-AE87-1967D8C0948F}.Release|iPhoneSimulator.Build.0 = Release|Any CPU
		{982E88B7-D87F-48AB-AE87-1967D8C0948F}.Release|iPhoneSimulator.Deploy.0 = Release|Any CPU
		{982E88B7-D87F-48AB-AE87-1967D8C0948F}.Release|x64.ActiveCfg = Release|Any CPU
		{982E88B7-D87F-48AB-AE87-1967D8C0948F}.Release|x64.Build.0 = Release|Any CPU
		{982E88B7-D87F-48AB-AE87-1967D8C0948F}.Release|x86.ActiveCfg = Release|Any CPU
		{982E88B7-D87F-48AB-AE87-1967D8C0948F}.Release|x86.Build.0 = Release|Any CPU
		{A4DBC6AD-6F34-44DD-881A-F8AA62745A1A}.Debug|Any CPU.ActiveCfg = Debug|x64
		{A4DBC6AD-6F34-44DD-881A-F8AA62745A1A}.Debug|Any CPU.Build.0 = Debug|x64
		{A4DBC6AD-6F34-44DD-881A-F8AA62745A1A}.Debug|Any CPU.Deploy.0 = Debug|x64
		{A4DBC6AD-6F34-44DD-881A-F8AA62745A1A}.Debug|ARM.ActiveCfg = Debug|ARM
		{A4DBC6AD-6F34-44DD-881A-F8AA62745A1A}.Debug|ARM.Build.0 = Debug|ARM
		{A4DBC6AD-6F34-44DD-881A-F8AA62745A1A}.Debug|ARM.Deploy.0 = Debug|ARM
		{A4DBC6AD-6F34-44DD-881A-F8AA62745A1A}.Debug|ARM64.ActiveCfg = Debug|ARM64
		{A4DBC6AD-6F34-44DD-881A-F8AA62745A1A}.Debug|ARM64.Build.0 = Debug|ARM64
		{A4DBC6AD-6F34-44DD-881A-F8AA62745A1A}.Debug|ARM64.Deploy.0 = Debug|ARM64
		{A4DBC6AD-6F34-44DD-881A-F8AA62745A1A}.Debug|iPhone.ActiveCfg = Debug|x64
		{A4DBC6AD-6F34-44DD-881A-F8AA62745A1A}.Debug|iPhone.Build.0 = Debug|x64
		{A4DBC6AD-6F34-44DD-881A-F8AA62745A1A}.Debug|iPhone.Deploy.0 = Debug|x64
		{A4DBC6AD-6F34-44DD-881A-F8AA62745A1A}.Debug|iPhoneSimulator.ActiveCfg = Debug|x64
		{A4DBC6AD-6F34-44DD-881A-F8AA62745A1A}.Debug|iPhoneSimulator.Build.0 = Debug|x64
		{A4DBC6AD-6F34-44DD-881A-F8AA62745A1A}.Debug|iPhoneSimulator.Deploy.0 = Debug|x64
		{A4DBC6AD-6F34-44DD-881A-F8AA62745A1A}.Debug|x64.ActiveCfg = Debug|x64
		{A4DBC6AD-6F34-44DD-881A-F8AA62745A1A}.Debug|x64.Build.0 = Debug|x64
		{A4DBC6AD-6F34-44DD-881A-F8AA62745A1A}.Debug|x64.Deploy.0 = Debug|x64
		{A4DBC6AD-6F34-44DD-881A-F8AA62745A1A}.Debug|x86.ActiveCfg = Debug|x86
		{A4DBC6AD-6F34-44DD-881A-F8AA62745A1A}.Debug|x86.Build.0 = Debug|x86
		{A4DBC6AD-6F34-44DD-881A-F8AA62745A1A}.Debug|x86.Deploy.0 = Debug|x86
		{A4DBC6AD-6F34-44DD-881A-F8AA62745A1A}.Release|Any CPU.ActiveCfg = Release|x64
		{A4DBC6AD-6F34-44DD-881A-F8AA62745A1A}.Release|Any CPU.Build.0 = Release|x64
		{A4DBC6AD-6F34-44DD-881A-F8AA62745A1A}.Release|Any CPU.Deploy.0 = Release|x64
		{A4DBC6AD-6F34-44DD-881A-F8AA62745A1A}.Release|ARM.ActiveCfg = Release|ARM
		{A4DBC6AD-6F34-44DD-881A-F8AA62745A1A}.Release|ARM.Build.0 = Release|ARM
		{A4DBC6AD-6F34-44DD-881A-F8AA62745A1A}.Release|ARM.Deploy.0 = Release|ARM
		{A4DBC6AD-6F34-44DD-881A-F8AA62745A1A}.Release|ARM64.ActiveCfg = Release|ARM64
		{A4DBC6AD-6F34-44DD-881A-F8AA62745A1A}.Release|ARM64.Build.0 = Release|ARM64
		{A4DBC6AD-6F34-44DD-881A-F8AA62745A1A}.Release|ARM64.Deploy.0 = Release|ARM64
		{A4DBC6AD-6F34-44DD-881A-F8AA62745A1A}.Release|iPhone.ActiveCfg = Release|x64
		{A4DBC6AD-6F34-44DD-881A-F8AA62745A1A}.Release|iPhone.Build.0 = Release|x64
		{A4DBC6AD-6F34-44DD-881A-F8AA62745A1A}.Release|iPhone.Deploy.0 = Release|x64
		{A4DBC6AD-6F34-44DD-881A-F8AA62745A1A}.Release|iPhoneSimulator.ActiveCfg = Release|x64
		{A4DBC6AD-6F34-44DD-881A-F8AA62745A1A}.Release|iPhoneSimulator.Build.0 = Release|x64
		{A4DBC6AD-6F34-44DD-881A-F8AA62745A1A}.Release|iPhoneSimulator.Deploy.0 = Release|x64
		{A4DBC6AD-6F34-44DD-881A-F8AA62745A1A}.Release|x64.ActiveCfg = Release|x64
		{A4DBC6AD-6F34-44DD-881A-F8AA62745A1A}.Release|x64.Build.0 = Release|x64
		{A4DBC6AD-6F34-44DD-881A-F8AA62745A1A}.Release|x64.Deploy.0 = Release|x64
		{A4DBC6AD-6F34-44DD-881A-F8AA62745A1A}.Release|x86.ActiveCfg = Release|x86
		{A4DBC6AD-6F34-44DD-881A-F8AA62745A1A}.Release|x86.Build.0 = Release|x86
		{A4DBC6AD-6F34-44DD-881A-F8AA62745A1A}.Release|x86.Deploy.0 = Release|x86
	EndGlobalSection
	GlobalSection(SolutionProperties) = preSolution
		HideSolutionNode = FALSE
	EndGlobalSection
	GlobalSection(ExtensibilityGlobals) = postSolution
		SolutionGuid = {8FFC5E84-EAEC-4FF7-AC41-A2F7C7AB85EC}
	EndGlobalSection
EndGlobal
